// !$*UTF8*$!
{
	archiveVersion = 1;
	classes = {
	};
	objectVersion = 77;
	objects = {

/* Begin PBXBuildFile section */
		E92BE30C2D0CC1DF000CD82D /* ContentView.swift in Sources */ = {isa = PBXBuildFile; fileRef = E92BE3092D0CC1DF000CD82D /* ContentView.swift */; };
		E92BE30D2D0CC1DF000CD82D /* CustonShapesApp.swift in Sources */ = {isa = PBXBuildFile; fileRef = E92BE30A2D0CC1DF000CD82D /* CustonShapesApp.swift */; };
		E92BE30E2D0CC1DF000CD82D /* Preview Assets.xcassets in Resources */ = {isa = PBXBuildFile; fileRef = E92BE3062D0CC1DF000CD82D /* Preview Assets.xcassets */; };
		E92BE30F2D0CC1DF000CD82D /* Assets.xcassets in Resources */ = {isa = PBXBuildFile; fileRef = E92BE3082D0CC1DF000CD82D /* Assets.xcassets */; };
		E92BE3132D0CC299000CD82D /* XShape.swift in Sources */ = {isa = PBXBuildFile; fileRef = E92BE3122D0CC298000CD82D /* XShape.swift */; };
		E92BE3152D0CC2AE000CD82D /* Pentagonshape.swift in Sources */ = {isa = PBXBuildFile; fileRef = E92BE3142D0CC2AE000CD82D /* Pentagonshape.swift */; };
		E92BE3172D0CC2BF000CD82D /* YShape.swift in Sources */ = {isa = PBXBuildFile; fileRef = E92BE3162D0CC2BF000CD82D /* YShape.swift */; };
		E92BE3192D0CC2F6000CD82D /* EShape.swift in Sources */ = {isa = PBXBuildFile; fileRef = E92BE3182D0CC2F6000CD82D /* EShape.swift */; };
/* End PBXBuildFile section */

/* Begin PBXFileReference section */
		E92BE2F52D0CC1A1000CD82D /* CustonShapes.app */ = {isa = PBXFileReference; explicitFileType = wrapper.application; includeInIndex = 0; path = CustonShapes.app; sourceTree = BUILT_PRODUCTS_DIR; };
		E92BE3062D0CC1DF000CD82D /* Preview Assets.xcassets */ = {isa = PBXFileReference; lastKnownFileType = folder.assetcatalog; path = "Preview Assets.xcassets"; sourceTree = "<group>"; };
		E92BE3082D0CC1DF000CD82D /* Assets.xcassets */ = {isa = PBXFileReference; lastKnownFileType = folder.assetcatalog; path = Assets.xcassets; sourceTree = "<group>"; };
		E92BE3092D0CC1DF000CD82D /* ContentView.swift */ = {isa = PBXFileReference; lastKnownFileType = sourcecode.swift; path = ContentView.swift; sourceTree = "<group>"; };
		E92BE30A2D0CC1DF000CD82D /* CustonShapesApp.swift */ = {isa = PBXFileReference; lastKnownFileType = sourcecode.swift; path = CustonShapesApp.swift; sourceTree = "<group>"; };
		E92BE3122D0CC298000CD82D /* XShape.swift */ = {isa = PBXFileReference; lastKnownFileType = sourcecode.swift; path = XShape.swift; sourceTree = "<group>"; };
		E92BE3142D0CC2AE000CD82D /* Pentagonshape.swift */ = {isa = PBXFileReference; lastKnownFileType = sourcecode.swift; path = Pentagonshape.swift; sourceTree = "<group>"; };
		E92BE3162D0CC2BF000CD82D /* YShape.swift */ = {isa = PBXFileReference; lastKnownFileType = sourcecode.swift; path = YShape.swift; sourceTree = "<group>"; };
		E92BE3182D0CC2F6000CD82D /* EShape.swift */ = {isa = PBXFileReference; lastKnownFileType = sourcecode.swift; path = EShape.swift; sourceTree = "<group>"; };
/* End PBXFileReference section */

/* Begin PBXFrameworksBuildPhase section */
		E92BE2F22D0CC1A1000CD82D /* Frameworks */ = {
			isa = PBXFrameworksBuildPhase;
			buildActionMask = 2147483647;
			files = (
			);
			runOnlyForDeploymentPostprocessing = 0;
		};
/* End PBXFrameworksBuildPhase section */

/* Begin PBXGroup section */
		E92BE2EC2D0CC1A1000CD82D = {
			isa = PBXGroup;
			children = (
				E92BE30B2D0CC1DF000CD82D /* CustonShapes */,
				E92BE2F62D0CC1A1000CD82D /* Products */,
			);
			sourceTree = "<group>";
		};
		E92BE2F62D0CC1A1000CD82D /* Products */ = {
			isa = PBXGroup;
			children = (
				E92BE2F52D0CC1A1000CD82D /* CustonShapes.app */,
			);
			name = Products;
			sourceTree = "<group>";
		};
		E92BE3072D0CC1DF000CD82D /* Preview Content */ = {
			isa = PBXGroup;
			children = (
				E92BE3062D0CC1DF000CD82D /* Preview Assets.xcassets */,
			);
			path = "Preview Content";
			sourceTree = "<group>";
		};
		E92BE30B2D0CC1DF000CD82D /* CustonShapes */ = {
			isa = PBXGroup;
			children = (
				E92BE30A2D0CC1DF000CD82D /* CustonShapesApp.swift */,
				E92BE3112D0CC274000CD82D /* Shapes */,
				E92BE3102D0CC1FC000CD82D /* Views */,
				E92BE3072D0CC1DF000CD82D /* Preview Content */,
				E92BE3082D0CC1DF000CD82D /* Assets.xcassets */,
			);
			path = CustonShapes;
			sourceTree = "<group>";
		};
		E92BE3102D0CC1FC000CD82D /* Views */ = {
			isa = PBXGroup;
			children = (
				E92BE3092D0CC1DF000CD82D /* ContentView.swift */,
			);
			path = Views;
			sourceTree = "<group>";
		};
		E92BE3112D0CC274000CD82D /* Shapes */ = {
			isa = PBXGroup;
			children = (
				E92BE3122D0CC298000CD82D /* XShape.swift */,
				E92BE3142D0CC2AE000CD82D /* Pentagonshape.swift */,
				E92BE3162D0CC2BF000CD82D /* YShape.swift */,
				E92BE3182D0CC2F6000CD82D /* EShape.swift */,
			);
			path = Shapes;
			sourceTree = "<group>";
		};
/* End PBXGroup section */

/* Begin PBXNativeTarget section */
		E92BE2F42D0CC1A1000CD82D /* CustonShapes */ = {
			isa = PBXNativeTarget;
			buildConfigurationList = E92BE3032D0CC1A5000CD82D /* Build configuration list for PBXNativeTarget "CustonShapes" */;
			buildPhases = (
				E92BE2F12D0CC1A1000CD82D /* Sources */,
				E92BE2F22D0CC1A1000CD82D /* Frameworks */,
				E92BE2F32D0CC1A1000CD82D /* Resources */,
			);
			buildRules = (
			);
			dependencies = (
			);
			name = CustonShapes;
			packageProductDependencies = (
			);
			productName = CustonShapes;
			productReference = E92BE2F52D0CC1A1000CD82D /* CustonShapes.app */;
			productType = "com.apple.product-type.application";
		};
/* End PBXNativeTarget section */

/* Begin PBXProject section */
		E92BE2ED2D0CC1A1000CD82D /* Project object */ = {
			isa = PBXProject;
			attributes = {
				BuildIndependentTargetsInParallel = 1;
				LastSwiftUpdateCheck = 1600;
				LastUpgradeCheck = 1600;
				TargetAttributes = {
					E92BE2F42D0CC1A1000CD82D = {
						CreatedOnToolsVersion = 16.0;
					};
				};
			};
			buildConfigurationList = E92BE2F02D0CC1A1000CD82D /* Build configuration list for PBXProject "CustonShapes" */;
			developmentRegion = en;
			hasScannedForEncodings = 0;
			knownRegions = (
				en,
				Base,
			);
			mainGroup = E92BE2EC2D0CC1A1000CD82D;
			minimizedProjectReferenceProxies = 1;
			preferredProjectObjectVersion = 77;
			productRefGroup = E92BE2F62D0CC1A1000CD82D /* Products */;
			projectDirPath = "";
			projectRoot = "";
			targets = (
				E92BE2F42D0CC1A1000CD82D /* CustonShapes */,
			);
		};
/* End PBXProject section */

/* Begin PBXResourcesBuildPhase section */
		E92BE2F32D0CC1A1000CD82D /* Resources */ = {
			isa = PBXResourcesBuildPhase;
			buildActionMask = 2147483647;
			files = (
				E92BE30E2D0CC1DF000CD82D /* Preview Assets.xcassets in Resources */,
				E92BE30F2D0CC1DF000CD82D /* Assets.xcassets in Resources */,
			);
			runOnlyForDeploymentPostprocessing = 0;
		};
/* End PBXResourcesBuildPhase section */

/* Begin PBXSourcesBuildPhase section */
		E92BE2F12D0CC1A1000CD82D /* Sources */ = {
			isa = PBXSourcesBuildPhase;
			buildActionMask = 2147483647;
			files = (
				E92BE3192D0CC2F6000CD82D /* EShape.swift in Sources */,
				E92BE30C2D0CC1DF000CD82D /* ContentView.swift in Sources */,
				E92BE3132D0CC299000CD82D /* XShape.swift in Sources */,
				E92BE3152D0CC2AE000CD82D /* Pentagonshape.swift in Sources */,
				E92BE3172D0CC2BF000CD82D /* YShape.swift in Sources */,
				E92BE30D2D0CC1DF000CD82D /* CustonShapesApp.swift in Sources */,
			);
			runOnlyForDeploymentPostprocessing = 0;
		};
/* End PBXSourcesBuildPhase section */

/* Begin XCBuildConfiguration section */
		E92BE3012D0CC1A5000CD82D /* Debug */ = {
			isa = XCBuildConfiguration;
			buildSettings = {
				ALWAYS_SEARCH_USER_PATHS = NO;
				ASSETCATALOG_COMPILER_GENERATE_SWIFT_ASSET_SYMBOL_EXTENSIONS = YES;
				CLANG_ANALYZER_NONNULL = YES;
				CLANG_ANALYZER_NUMBER_OBJECT_CONVERSION = YES_AGGRESSIVE;
				CLANG_CXX_LANGUAGE_STANDARD = "gnu++20";
				CLANG_ENABLE_MODULES = YES;
				CLANG_ENABLE_OBJC_ARC = YES;
				CLANG_ENABLE_OBJC_WEAK = YES;
				CLANG_WARN_BLOCK_CAPTURE_AUTORELEASING = YES;
				CLANG_WARN_BOOL_CONVERSION = YES;
				CLANG_WARN_COMMA = YES;
				CLANG_WARN_CONSTANT_CONVERSION = YES;
				CLANG_WARN_DEPRECATED_OBJC_IMPLEMENTATIONS = YES;
				CLANG_WARN_DIRECT_OBJC_ISA_USAGE = YES_ERROR;
				CLANG_WARN_DOCUMENTATION_COMMENTS = YES;
				CLANG_WARN_EMPTY_BODY = YES;
				CLANG_WARN_ENUM_CONVERSION = YES;
				CLANG_WARN_INFINITE_RECURSION = YES;
				CLANG_WARN_INT_CONVERSION = YES;
				CLANG_WARN_NON_LITERAL_NULL_CONVERSION = YES;
				CLANG_WARN_OBJC_IMPLICIT_RETAIN_SELF = YES;
				CLANG_WARN_OBJC_LITERAL_CONVERSION = YES;
				CLANG_WARN_OBJC_ROOT_CLASS = YES_ERROR;
				CLANG_WARN_QUOTED_INCLUDE_IN_FRAMEWORK_HEADER = YES;
				CLANG_WARN_RANGE_LOOP_ANALYSIS = YES;
				CLANG_WARN_STRICT_PROTOTYPES = YES;
				CLANG_WARN_SUSPICIOUS_MOVE = YES;
				CLANG_WARN_UNGUARDED_AVAILABILITY = YES_AGGRESSIVE;
				CLANG_WARN_UNREACHABLE_CODE = YES;
				CLANG_WARN__DUPLICATE_METHOD_MATCH = YES;
				COPY_PHASE_STRIP = NO;
				DEBUG_INFORMATION_FORMAT = dwarf;
				ENABLE_STRICT_OBJC_MSGSEND = YES;
				ENABLE_TESTABILITY = YES;
				ENABLE_USER_SCRIPT_SANDBOXING = YES;
				GCC_C_LANGUAGE_STANDARD = gnu17;
				GCC_DYNAMIC_NO_PIC = NO;
				GCC_NO_COMMON_BLOCKS = YES;
				GCC_OPTIMIZATION_LEVEL = 0;
				GCC_PREPROCESSOR_DEFINITIONS = (
					"DEBUG=1",
					"$(inherited)",
				);
				GCC_WARN_64_TO_32_BIT_CONVERSION = YES;
				GCC_WARN_ABOUT_RETURN_TYPE = YES_ERROR;
				GCC_WARN_UNDECLARED_SELECTOR = YES;
				GCC_WARN_UNINITIALIZED_AUTOS = YES_AGGRESSIVE;
				GCC_WARN_UNUSED_FUNCTION = YES;
				GCC_WARN_UNUSED_VARIABLE = YES;
				IPHONEOS_DEPLOYMENT_TARGET = 18.0;
				LOCALIZATION_PREFERS_STRING_CATALOGS = YES;
				MTL_ENABLE_DEBUG_INFO = INCLUDE_SOURCE;
				MTL_FAST_MATH = YES;
				ONLY_ACTIVE_ARCH = YES;
				SDKROOT = iphoneos;
				SWIFT_ACTIVE_COMPILATION_CONDITIONS = "DEBUG $(inherited)";
				SWIFT_OPTIMIZATION_LEVEL = "-Onone";
			};
			name = Debug;
		};
		E92BE3022D0CC1A5000CD82D /* Release */ = {
			isa = XCBuildConfiguration;
			buildSettings = {
				ALWAYS_SEARCH_USER_PATHS = NO;
				ASSETCATALOG_COMPILER_GENERATE_SWIFT_ASSET_SYMBOL_EXTENSIONS = YES;
				CLANG_ANALYZER_NONNULL = YES;
				CLANG_ANALYZER_NUMBER_OBJECT_CONVERSION = YES_AGGRESSIVE;
				CLANG_CXX_LANGUAGE_STANDARD = "gnu++20";
				CLANG_ENABLE_MODULES = YES;
				CLANG_ENABLE_OBJC_ARC = YES;
				CLANG_ENABLE_OBJC_WEAK = YES;
				CLANG_WARN_BLOCK_CAPTURE_AUTORELEASING = YES;
				CLANG_WARN_BOOL_CONVERSION = YES;
				CLANG_WARN_COMMA = YES;
				CLANG_WARN_CONSTANT_CONVERSION = YES;
				CLANG_WARN_DEPRECATED_OBJC_IMPLEMENTATIONS = YES;
				CLANG_WARN_DIRECT_OBJC_ISA_USAGE = YES_ERROR;
				CLANG_WARN_DOCUMENTATION_COMMENTS = YES;
				CLANG_WARN_EMPTY_BODY = YES;
				CLANG_WARN_ENUM_CONVERSION = YES;
				CLANG_WARN_INFINITE_RECURSION = YES;
				CLANG_WARN_INT_CONVERSION = YES;
				CLANG_WARN_NON_LITERAL_NULL_CONVERSION = YES;
				CLANG_WARN_OBJC_IMPLICIT_RETAIN_SELF = YES;
				CLANG_WARN_OBJC_LITERAL_CONVERSION = YES;
				CLANG_WARN_OBJC_ROOT_CLASS = YES_ERROR;
				CLANG_WARN_QUOTED_INCLUDE_IN_FRAMEWORK_HEADER = YES;
				CLANG_WARN_RANGE_LOOP_ANALYSIS = YES;
				CLANG_WARN_STRICT_PROTOTYPES = YES;
				CLANG_WARN_SUSPICIOUS_MOVE = YES;
				CLANG_WARN_UNGUARDED_AVAILABILITY = YES_AGGRESSIVE;
				CLANG_WARN_UNREACHABLE_CODE = YES;
				CLANG_WARN__DUPLICATE_METHOD_MATCH = YES;
				COPY_PHASE_STRIP = NO;
				DEBUG_INFORMATION_FORMAT = "dwarf-with-dsym";
				ENABLE_NS_ASSERTIONS = NO;
				ENABLE_STRICT_OBJC_MSGSEND = YES;
				ENABLE_USER_SCRIPT_SANDBOXING = YES;
				GCC_C_LANGUAGE_STANDARD = gnu17;
				GCC_NO_COMMON_BLOCKS = YES;
				GCC_WARN_64_TO_32_BIT_CONVERSION = YES;
				GCC_WARN_ABOUT_RETURN_TYPE = YES_ERROR;
				GCC_WARN_UNDECLARED_SELECTOR = YES;
				GCC_WARN_UNINITIALIZED_AUTOS = YES_AGGRESSIVE;
				GCC_WARN_UNUSED_FUNCTION = YES;
				GCC_WARN_UNUSED_VARIABLE = YES;
				IPHONEOS_DEPLOYMENT_TARGET = 18.0;
				LOCALIZATION_PREFERS_STRING_CATALOGS = YES;
				MTL_ENABLE_DEBUG_INFO = NO;
				MTL_FAST_MATH = YES;
				SDKROOT = iphoneos;
				SWIFT_COMPILATION_MODE = wholemodule;
				VALIDATE_PRODUCT = YES;
			};
			name = Release;
		};
		E92BE3042D0CC1A5000CD82D /* Debug */ = {
			isa = XCBuildConfiguration;
			buildSettings = {
				ASSETCATALOG_COMPILER_APPICON_NAME = AppIcon;
				ASSETCATALOG_COMPILER_GLOBAL_ACCENT_COLOR_NAME = AccentColor;
				CODE_SIGN_STYLE = Automatic;
				CURRENT_PROJECT_VERSION = 1;
				DEVELOPMENT_ASSET_PATHS = "\"CustonShapes/Preview Content\"";
				DEVELOPMENT_TEAM = 4UG443984D;
				ENABLE_PREVIEWS = YES;
				GENERATE_INFOPLIST_FILE = YES;
				INFOPLIST_KEY_UIApplicationSceneManifest_Generation = YES;
				INFOPLIST_KEY_UIApplicationSupportsIndirectInputEvents = YES;
				INFOPLIST_KEY_UILaunchScreen_Generation = YES;
				INFOPLIST_KEY_UISupportedInterfaceOrientations_iPad = "UIInterfaceOrientationPortrait UIInterfaceOrientationPortraitUpsideDown UIInterfaceOrientationLandscapeLeft UIInterfaceOrientationLandscapeRight";
				INFOPLIST_KEY_UISupportedInterfaceOrientations_iPhone = "UIInterfaceOrientationPortrait UIInterfaceOrientationLandscapeLeft UIInterfaceOrientationLandscapeRight";
				LD_RUNPATH_SEARCH_PATHS = (
					"$(inherited)",
					"@executable_path/Frameworks",
				);
				MARKETING_VERSION = 1.0;
				PRODUCT_BUNDLE_IDENTIFIER = ca.thomasnoone.CustonShapes;
				PRODUCT_NAME = "$(TARGET_NAME)";
				SWIFT_EMIT_LOC_STRINGS = YES;
				SWIFT_VERSION = 5.0;
				TARGETED_DEVICE_FAMILY = "1,2";
			};
			name = Debug;
		};
		E92BE3052D0CC1A5000CD82D /* Release */ = {
			isa = XCBuildConfiguration;
			buildSettings = {
				ASSETCATALOG_COMPILER_APPICON_NAME = AppIcon;
				ASSETCATALOG_COMPILER_GLOBAL_ACCENT_COLOR_NAME = AccentColor;
				CODE_SIGN_STYLE = Automatic;
				CURRENT_PROJECT_VERSION = 1;
				DEVELOPMENT_ASSET_PATHS = "\"CustonShapes/Preview Content\"";
				DEVELOPMENT_TEAM = 4UG443984D;
				ENABLE_PREVIEWS = YES;
				GENERATE_INFOPLIST_FILE = YES;
				INFOPLIST_KEY_UIApplicationSceneManifest_Generation = YES;
				INFOPLIST_KEY_UIApplicationSupportsIndirectInputEvents = YES;
				INFOPLIST_KEY_UILaunchScreen_Generation = YES;
				INFOPLIST_KEY_UISupportedInterfaceOrientations_iPad = "UIInterfaceOrientationPortrait UIInterfaceOrientationPortraitUpsideDown UIInterfaceOrientationLandscapeLeft UIInterfaceOrientationLandscapeRight";
				INFOPLIST_KEY_UISupportedInterfaceOrientations_iPhone = "UIInterfaceOrientationPortrait UIInterfaceOrientationLandscapeLeft UIInterfaceOrientationLandscapeRight";
				LD_RUNPATH_SEARCH_PATHS = (
					"$(inherited)",
					"@executable_path/Frameworks",
				);
				MARKETING_VERSION = 1.0;
				PRODUCT_BUNDLE_IDENTIFIER = ca.thomasnoone.CustonShapes;
				PRODUCT_NAME = "$(TARGET_NAME)";
				SWIFT_EMIT_LOC_STRINGS = YES;
				SWIFT_VERSION = 5.0;
				TARGETED_DEVICE_FAMILY = "1,2";
			};
			name = Release;
		};
/* End XCBuildConfiguration section */

/* Begin XCConfigurationList section */
		E92BE2F02D0CC1A1000CD82D /* Build configuration list for PBXProject "CustonShapes" */ = {
			isa = XCConfigurationList;
			buildConfigurations = (
				E92BE3012D0CC1A5000CD82D /* Debug */,
				E92BE3022D0CC1A5000CD82D /* Release */,
			);
			defaultConfigurationIsVisible = 0;
			defaultConfigurationName = Release;
		};
		E92BE3032D0CC1A5000CD82D /* Build configuration list for PBXNativeTarget "CustonShapes" */ = {
			isa = XCConfigurationList;
			buildConfigurations = (
				E92BE3042D0CC1A5000CD82D /* Debug */,
				E92BE3052D0CC1A5000CD82D /* Release */,
			);
			defaultConfigurationIsVisible = 0;
			defaultConfigurationName = Release;
		};
/* End XCConfigurationList section */
	};
	rootObject = E92BE2ED2D0CC1A1000CD82D /* Project object */;
}
